Microsoft Visual Studio Solution File, Format Version 12.00
# Visual Studio 2012
Project("{FAE04EC0-301F-11D3-BF4B-00C04F79EFBC}") = "Godot PSX Style Demo", "Godot PSX Style Demo.csproj", "{BDED042F-E032-4824-8C2D-29210B0C0EF5}"
EndProject
Global
	GlobalSection(SolutionConfigurationPlatforms) = preSolution
	Debug|Any CPU = Debug|Any CPU
	ExportDebug|Any CPU = ExportDebug|Any CPU
	ExportRelease|Any CPU = ExportRelease|Any CPU
	EndGlobalSection
	GlobalSection(ProjectConfigurationPlatforms) = postSolution
		{BDED042F-E032-4824-8C2D-29210B0C0EF5}.Debug|Any CPU.ActiveCfg = Debug|Any CPU
		{BDED042F-E032-4824-8C2D-29210B0C0EF5}.Debug|Any CPU.Build.0 = Debug|Any CPU
		{BDED042F-E032-4824-8C2D-29210B0C0EF5}.ExportDebug|Any CPU.ActiveCfg = ExportDebug|Any CPU
		{BDED042F-E032-4824-8C2D-29210B0C0EF5}.ExportDebug|Any CPU.Build.0 = ExportDebug|Any CPU
		{BDED042F-E032-4824-8C2D-29210B0C0EF5}.ExportRelease|Any CPU.ActiveCfg = ExportRelease|Any CPU
		{BDED042F-E032-4824-8C2D-29210B0C0EF5}.ExportRelease|Any CPU.Build.0 = ExportRelease|Any CPU
	EndGlobalSection
EndGlobal
